<?xml version="1.0" encoding="utf-8"?>
<Project ToolsVersion="4.0" xmlns="http://schemas.microsoft.com/developer/msbuild/2003">
  <ItemGroup>
    <Filter Include="Source Files">
      <UniqueIdentifier>{4FC737F1-C7A5-4376-A066-2A32D752A2FF}</UniqueIdentifier>
      <Extensions>cpp;c;cc;cxx;def;odl;idl;hpj;bat;asm;asmx</Extensions>
    </Filter>
    <Filter Include="Header Files">
      <UniqueIdentifier>{93995380-89BD-4b04-88EB-625FBE52EBFB}</UniqueIdentifier>
      <Extensions>h;hh;hpp;hxx;hm;inl;inc;ipp;xsd</Extensions>
    </Filter>
  </ItemGroup>
  <ItemGroup>
    <ClCompile Include="Nero\main.cpp">
      <Filter>Source Files</Filter>
    </ClCompile>
    <ClCompile Include="Nero\utils\remote.cpp">
      <Filter>Source Files</Filter>
    </ClCompile>
    <ClCompile Include="Nero\utils\static.cpp">
      <Filter>Source Files</Filter>
    </ClCompile>
    <ClCompile Include="Nero\features\visuals.cpp">
      <Filter>Source Files</Filter>
    </ClCompile>
    <ClCompile Include="Nero\menu\menu.cpp">
      <Filter>Source Files</Filter>
    </ClCompile>
    <ClCompile Include="Nero\sdk\sdk.cpp">
      <Filter>Source Files</Filter>
    </ClCompile>
    <ClCompile Include="Nero\features\misc.cpp">
      <Filter>Source Files</Filter>
    </ClCompile>
    <ClCompile Include="Nero\features\aim.cpp">
      <Filter>Source Files</Filter>
    </ClCompile>
    <ClCompile Include="Nero\utils\config.cpp">
      <Filter>Source Files</Filter>
    </ClCompile>
  </ItemGroup>
  <ItemGroup>
    <ClInclude Include="Nero\utils\fnv.hpp">
      <Filter>Header Files</Filter>
    </ClInclude>
    <ClInclude Include="Nero\include.hpp">
      <Filter>Header Files</Filter>
    </ClInclude>
    <ClInclude Include="Nero\utils\remote.hpp">
      <Filter>Header Files</Filter>
    </ClInclude>
    <ClInclude Include="Nero\utils\memutils.hpp">
      <Filter>Header Files</Filter>
    </ClInclude>
    <ClInclude Include="Nero\utils\static.hpp">
      <Filter>Header Files</Filter>
    </ClInclude>
    <ClInclude Include="Nero\features\visuals.hpp">
      <Filter>Header Files</Filter>
    </ClInclude>
    <ClInclude Include="Nero\menu\menu.hpp">
      <Filter>Header Files</Filter>
    </ClInclude>
    <ClInclude Include="Nero\menu\console_color.hpp">
      <Filter>Header Files</Filter>
    </ClInclude>
    <ClInclude Include="Nero\sdk\sdk.hpp">
      <Filter>Header Files</Filter>
    </ClInclude>
    <ClInclude Include="Nero\features\misc.hpp">
      <Filter>Header Files</Filter>
    </ClInclude>
    <ClInclude Include="Nero\features\aim.hpp">
      <Filter>Header Files</Filter>
    </ClInclude>
    <ClInclude Include="Nero\math\vector.hpp">
      <Filter>Header Files</Filter>
    </ClInclude>
    <ClInclude Include="Nero\resource.h">
      <Filter>Header Files</Filter>
    </ClInclude>
    <ClInclude Include="Nero\utils\config.hpp">
      <Filter>Header Files</Filter>
    </ClInclude>
  </ItemGroup>
  <ItemGroup>
    <ResourceCompile Include="Nero\Nero.rc" />
  </ItemGroup>
  <ItemGroup>
    <Image Include="Nero\Nero.ico" />
  </ItemGroup>
  <ItemGroup>
    <None Include="Nero\Nero.aps" />
  </ItemGroup>
</Project>